
Microsoft Visual Studio Solution File, Format Version 12.00
# Visual Studio Version 17
VisualStudioVersion = 17.4.33103.184
MinimumVisualStudioVersion = 10.0.40219.1
Project("{8BC9CEB8-8B4A-11D0-8D11-00A0C91BC942}") = "cppBase", "cppBase\cppBase.vcxproj", "{D853736B-5179-4A78-98D2-D301ECE81ECB}"
EndProject
Project("{8BC9CEB8-8B4A-11D0-8D11-00A0C91BC942}") = "03_Input", "03_Input\03_Input.vcxproj", "{F69A5AA0-6F56-4497-AA90-851D242BE28B}"
EndProject
Project("{8BC9CEB8-8B4A-11D0-8D11-00A0C91BC942}") = "07. Variable", "06.Value\06.Value.vcxproj", "{6D197113-2A37-4DDD-9E34-81DFEAE6BA25}"
EndProject
Project("{8BC9CEB8-8B4A-11D0-8D11-00A0C91BC942}") = "06. Array", "06. Array\06. Array.vcxproj", "{F7B37A56-098B-4D6D-B02D-46D6ACA9C44A}"
EndProject
Project("{8BC9CEB8-8B4A-11D0-8D11-00A0C91BC942}") = "08. Functions", "08.Functions\08.Functions.vcxproj", "{3522CD95-C0D3-4BF5-A517-E7FD8432F739}"
EndProject
Project("{8BC9CEB8-8B4A-11D0-8D11-00A0C91BC942}") = "09.Recursive", "09.Recursive\09.Recursive.vcxproj", "{14568588-1D9C-4F99-9101-9406B367A4C7}"
EndProject
Project("{8BC9CEB8-8B4A-11D0-8D11-00A0C91BC942}") = "10.Pointer", "10.Pointer\10.Pointer.vcxproj", "{9660A47C-8F09-4F19-9CAC-A2B379EC25E2}"
EndProject
Project("{8BC9CEB8-8B4A-11D0-8D11-00A0C91BC942}") = "11.struct_And_Class", "11.struct_And_Class\11.struct_And_Class.vcxproj", "{1607378F-5DF3-4A0B-A162-9D8F361654BC}"
EndProject
Project("{8BC9CEB8-8B4A-11D0-8D11-00A0C91BC942}") = "12.Dynamic_Allocator", "12.Dynamic_Allocator\12.Dynamic_Allocator.vcxproj", "{46BF8A12-5BC8-4984-AC9D-815AD8BDDF08}"
EndProject
Project("{8BC9CEB8-8B4A-11D0-8D11-00A0C91BC942}") = "13.HashTable[DirectAddressTable]", "HashTable[DirectAddressTable]\HashTable[DirectAddressTable].vcxproj", "{0D1F3CB2-78F8-4070-8D5F-060F7290CA55}"
EndProject
Project("{8BC9CEB8-8B4A-11D0-8D11-00A0C91BC942}") = "14.Linked_List", "14.Linked_List\14.Linked_List.vcxproj", "{2E878A0B-5A3D-4889-A842-D36E6AC3B003}"
EndProject
Project("{8BC9CEB8-8B4A-11D0-8D11-00A0C91BC942}") = "17.Operator", "17.Operator\17.Operator.vcxproj", "{91136F37-3FB0-410B-B076-BA0BF37203C8}"
EndProject
Project("{8BC9CEB8-8B4A-11D0-8D11-00A0C91BC942}") = "18.Static", "18.Static\18.Static.vcxproj", "{A9859DBD-BCB6-4E4E-934A-202F705167D2}"
EndProject
Project("{8BC9CEB8-8B4A-11D0-8D11-00A0C91BC942}") = "19.TemplateClass", "19.TemplateClass\19.TemplateClass.vcxproj", "{1EA5726F-6C6A-40AA-9212-2BC7C4234E9D}"
EndProject
Project("{8BC9CEB8-8B4A-11D0-8D11-00A0C91BC942}") = "20.Inheritance", "20.Inheritance\20.Inheritance.vcxproj", "{97B1F357-E80E-46D4-8E7F-EDEE76F5C74F}"
EndProject
Project("{8BC9CEB8-8B4A-11D0-8D11-00A0C91BC942}") = "21.VirtualFunction", "21.VirtualFunction\21.VirtualFunction.vcxproj", "{7A9A453F-C771-477D-89E4-3DC2FA91D56E}"
EndProject
Project("{8BC9CEB8-8B4A-11D0-8D11-00A0C91BC942}") = "22.FileIO", "22.FileIO\22.FileIO.vcxproj", "{E08740BE-5D73-40FD-94B1-3C7BB06B2DA0}"
EndProject
Project("{8BC9CEB8-8B4A-11D0-8D11-00A0C91BC942}") = "23.STL_Vector", "23.STL_Vector\23.STL_Vector.vcxproj", "{311C7FC6-9123-43FA-A7C8-69FD5141EAD8}"
EndProject
Project("{8BC9CEB8-8B4A-11D0-8D11-00A0C91BC942}") = "24.TrueOfOOP", "24.TrueOfOOP\24.TrueOfOOP.vcxproj", "{378798F9-C11B-43B8-AD30-CEE1634FB0AA}"
EndProject
Global
	GlobalSection(SolutionConfigurationPlatforms) = preSolution
		Debug|x64 = Debug|x64
		Debug|x86 = Debug|x86
		Release|x64 = Release|x64
		Release|x86 = Release|x86
	EndGlobalSection
	GlobalSection(ProjectConfigurationPlatforms) = postSolution
		{D853736B-5179-4A78-98D2-D301ECE81ECB}.Debug|x64.ActiveCfg = Debug|x64
		{D853736B-5179-4A78-98D2-D301ECE81ECB}.Debug|x64.Build.0 = Debug|x64
		{D853736B-5179-4A78-98D2-D301ECE81ECB}.Debug|x86.ActiveCfg = Debug|Win32
		{D853736B-5179-4A78-98D2-D301ECE81ECB}.Debug|x86.Build.0 = Debug|Win32
		{D853736B-5179-4A78-98D2-D301ECE81ECB}.Release|x64.ActiveCfg = Release|x64
		{D853736B-5179-4A78-98D2-D301ECE81ECB}.Release|x64.Build.0 = Release|x64
		{D853736B-5179-4A78-98D2-D301ECE81ECB}.Release|x86.ActiveCfg = Release|Win32
		{D853736B-5179-4A78-98D2-D301ECE81ECB}.Release|x86.Build.0 = Release|Win32
		{F69A5AA0-6F56-4497-AA90-851D242BE28B}.Debug|x64.ActiveCfg = Debug|x64
		{F69A5AA0-6F56-4497-AA90-851D242BE28B}.Debug|x64.Build.0 = Debug|x64
		{F69A5AA0-6F56-4497-AA90-851D242BE28B}.Debug|x86.ActiveCfg = Debug|Win32
		{F69A5AA0-6F56-4497-AA90-851D242BE28B}.Debug|x86.Build.0 = Debug|Win32
		{F69A5AA0-6F56-4497-AA90-851D242BE28B}.Release|x64.ActiveCfg = Release|x64
		{F69A5AA0-6F56-4497-AA90-851D242BE28B}.Release|x64.Build.0 = Release|x64
		{F69A5AA0-6F56-4497-AA90-851D242BE28B}.Release|x86.ActiveCfg = Release|Win32
		{F69A5AA0-6F56-4497-AA90-851D242BE28B}.Release|x86.Build.0 = Release|Win32
		{6D197113-2A37-4DDD-9E34-81DFEAE6BA25}.Debug|x64.ActiveCfg = Debug|x64
		{6D197113-2A37-4DDD-9E34-81DFEAE6BA25}.Debug|x64.Build.0 = Debug|x64
		{6D197113-2A37-4DDD-9E34-81DFEAE6BA25}.Debug|x86.ActiveCfg = Debug|Win32
		{6D197113-2A37-4DDD-9E34-81DFEAE6BA25}.Debug|x86.Build.0 = Debug|Win32
		{6D197113-2A37-4DDD-9E34-81DFEAE6BA25}.Release|x64.ActiveCfg = Release|x64
		{6D197113-2A37-4DDD-9E34-81DFEAE6BA25}.Release|x64.Build.0 = Release|x64
		{6D197113-2A37-4DDD-9E34-81DFEAE6BA25}.Release|x86.ActiveCfg = Release|Win32
		{6D197113-2A37-4DDD-9E34-81DFEAE6BA25}.Release|x86.Build.0 = Release|Win32
		{F7B37A56-098B-4D6D-B02D-46D6ACA9C44A}.Debug|x64.ActiveCfg = Debug|x64
		{F7B37A56-098B-4D6D-B02D-46D6ACA9C44A}.Debug|x64.Build.0 = Debug|x64
		{F7B37A56-098B-4D6D-B02D-46D6ACA9C44A}.Debug|x86.ActiveCfg = Debug|Win32
		{F7B37A56-098B-4D6D-B02D-46D6ACA9C44A}.Debug|x86.Build.0 = Debug|Win32
		{F7B37A56-098B-4D6D-B02D-46D6ACA9C44A}.Release|x64.ActiveCfg = Release|x64
		{F7B37A56-098B-4D6D-B02D-46D6ACA9C44A}.Release|x64.Build.0 = Release|x64
		{F7B37A56-098B-4D6D-B02D-46D6ACA9C44A}.Release|x86.ActiveCfg = Release|Win32
		{F7B37A56-098B-4D6D-B02D-46D6ACA9C44A}.Release|x86.Build.0 = Release|Win32
		{3522CD95-C0D3-4BF5-A517-E7FD8432F739}.Debug|x64.ActiveCfg = Debug|x64
		{3522CD95-C0D3-4BF5-A517-E7FD8432F739}.Debug|x64.Build.0 = Debug|x64
		{3522CD95-C0D3-4BF5-A517-E7FD8432F739}.Debug|x86.ActiveCfg = Debug|Win32
		{3522CD95-C0D3-4BF5-A517-E7FD8432F739}.Debug|x86.Build.0 = Debug|Win32
		{3522CD95-C0D3-4BF5-A517-E7FD8432F739}.Release|x64.ActiveCfg = Release|x64
		{3522CD95-C0D3-4BF5-A517-E7FD8432F739}.Release|x64.Build.0 = Release|x64
		{3522CD95-C0D3-4BF5-A517-E7FD8432F739}.Release|x86.ActiveCfg = Release|Win32
		{3522CD95-C0D3-4BF5-A517-E7FD8432F739}.Release|x86.Build.0 = Release|Win32
		{14568588-1D9C-4F99-9101-9406B367A4C7}.Debug|x64.ActiveCfg = Debug|x64
		{14568588-1D9C-4F99-9101-9406B367A4C7}.Debug|x64.Build.0 = Debug|x64
		{14568588-1D9C-4F99-9101-9406B367A4C7}.Debug|x86.ActiveCfg = Debug|Win32
		{14568588-1D9C-4F99-9101-9406B367A4C7}.Debug|x86.Build.0 = Debug|Win32
		{14568588-1D9C-4F99-9101-9406B367A4C7}.Release|x64.ActiveCfg = Release|x64
		{14568588-1D9C-4F99-9101-9406B367A4C7}.Release|x64.Build.0 = Release|x64
		{14568588-1D9C-4F99-9101-9406B367A4C7}.Release|x86.ActiveCfg = Release|Win32
		{14568588-1D9C-4F99-9101-9406B367A4C7}.Release|x86.Build.0 = Release|Win32
		{9660A47C-8F09-4F19-9CAC-A2B379EC25E2}.Debug|x64.ActiveCfg = Debug|x64
		{9660A47C-8F09-4F19-9CAC-A2B379EC25E2}.Debug|x64.Build.0 = Debug|x64
		{9660A47C-8F09-4F19-9CAC-A2B379EC25E2}.Debug|x86.ActiveCfg = Debug|Win32
		{9660A47C-8F09-4F19-9CAC-A2B379EC25E2}.Debug|x86.Build.0 = Debug|Win32
		{9660A47C-8F09-4F19-9CAC-A2B379EC25E2}.Release|x64.ActiveCfg = Release|x64
		{9660A47C-8F09-4F19-9CAC-A2B379EC25E2}.Release|x64.Build.0 = Release|x64
		{9660A47C-8F09-4F19-9CAC-A2B379EC25E2}.Release|x86.ActiveCfg = Release|Win32
		{9660A47C-8F09-4F19-9CAC-A2B379EC25E2}.Release|x86.Build.0 = Release|Win32
		{1607378F-5DF3-4A0B-A162-9D8F361654BC}.Debug|x64.ActiveCfg = Debug|x64
		{1607378F-5DF3-4A0B-A162-9D8F361654BC}.Debug|x64.Build.0 = Debug|x64
		{1607378F-5DF3-4A0B-A162-9D8F361654BC}.Debug|x86.ActiveCfg = Debug|Win32
		{1607378F-5DF3-4A0B-A162-9D8F361654BC}.Debug|x86.Build.0 = Debug|Win32
		{1607378F-5DF3-4A0B-A162-9D8F361654BC}.Release|x64.ActiveCfg = Release|x64
		{1607378F-5DF3-4A0B-A162-9D8F361654BC}.Release|x64.Build.0 = Release|x64
		{1607378F-5DF3-4A0B-A162-9D8F361654BC}.Release|x86.ActiveCfg = Release|Win32
		{1607378F-5DF3-4A0B-A162-9D8F361654BC}.Release|x86.Build.0 = Release|Win32
		{46BF8A12-5BC8-4984-AC9D-815AD8BDDF08}.Debug|x64.ActiveCfg = Debug|x64
		{46BF8A12-5BC8-4984-AC9D-815AD8BDDF08}.Debug|x64.Build.0 = Debug|x64
		{46BF8A12-5BC8-4984-AC9D-815AD8BDDF08}.Debug|x86.ActiveCfg = Debug|Win32
		{46BF8A12-5BC8-4984-AC9D-815AD8BDDF08}.Debug|x86.Build.0 = Debug|Win32
		{46BF8A12-5BC8-4984-AC9D-815AD8BDDF08}.Release|x64.ActiveCfg = Release|x64
		{46BF8A12-5BC8-4984-AC9D-815AD8BDDF08}.Release|x64.Build.0 = Release|x64
		{46BF8A12-5BC8-4984-AC9D-815AD8BDDF08}.Release|x86.ActiveCfg = Release|Win32
		{46BF8A12-5BC8-4984-AC9D-815AD8BDDF08}.Release|x86.Build.0 = Release|Win32
		{0D1F3CB2-78F8-4070-8D5F-060F7290CA55}.Debug|x64.ActiveCfg = Debug|x64
		{0D1F3CB2-78F8-4070-8D5F-060F7290CA55}.Debug|x64.Build.0 = Debug|x64
		{0D1F3CB2-78F8-4070-8D5F-060F7290CA55}.Debug|x86.ActiveCfg = Debug|Win32
		{0D1F3CB2-78F8-4070-8D5F-060F7290CA55}.Debug|x86.Build.0 = Debug|Win32
		{0D1F3CB2-78F8-4070-8D5F-060F7290CA55}.Release|x64.ActiveCfg = Release|x64
		{0D1F3CB2-78F8-4070-8D5F-060F7290CA55}.Release|x64.Build.0 = Release|x64
		{0D1F3CB2-78F8-4070-8D5F-060F7290CA55}.Release|x86.ActiveCfg = Release|Win32
		{0D1F3CB2-78F8-4070-8D5F-060F7290CA55}.Release|x86.Build.0 = Release|Win32
		{2E878A0B-5A3D-4889-A842-D36E6AC3B003}.Debug|x64.ActiveCfg = Debug|x64
		{2E878A0B-5A3D-4889-A842-D36E6AC3B003}.Debug|x64.Build.0 = Debug|x64
		{2E878A0B-5A3D-4889-A842-D36E6AC3B003}.Debug|x86.ActiveCfg = Debug|Win32
		{2E878A0B-5A3D-4889-A842-D36E6AC3B003}.Debug|x86.Build.0 = Debug|Win32
		{2E878A0B-5A3D-4889-A842-D36E6AC3B003}.Release|x64.ActiveCfg = Release|x64
		{2E878A0B-5A3D-4889-A842-D36E6AC3B003}.Release|x64.Build.0 = Release|x64
		{2E878A0B-5A3D-4889-A842-D36E6AC3B003}.Release|x86.ActiveCfg = Release|Win32
		{2E878A0B-5A3D-4889-A842-D36E6AC3B003}.Release|x86.Build.0 = Release|Win32
		{91136F37-3FB0-410B-B076-BA0BF37203C8}.Debug|x64.ActiveCfg = Debug|x64
		{91136F37-3FB0-410B-B076-BA0BF37203C8}.Debug|x64.Build.0 = Debug|x64
		{91136F37-3FB0-410B-B076-BA0BF37203C8}.Debug|x86.ActiveCfg = Debug|Win32
		{91136F37-3FB0-410B-B076-BA0BF37203C8}.Debug|x86.Build.0 = Debug|Win32
		{91136F37-3FB0-410B-B076-BA0BF37203C8}.Release|x64.ActiveCfg = Release|x64
		{91136F37-3FB0-410B-B076-BA0BF37203C8}.Release|x64.Build.0 = Release|x64
		{91136F37-3FB0-410B-B076-BA0BF37203C8}.Release|x86.ActiveCfg = Release|Win32
		{91136F37-3FB0-410B-B076-BA0BF37203C8}.Release|x86.Build.0 = Release|Win32
		{A9859DBD-BCB6-4E4E-934A-202F705167D2}.Debug|x64.ActiveCfg = Debug|x64
		{A9859DBD-BCB6-4E4E-934A-202F705167D2}.Debug|x64.Build.0 = Debug|x64
		{A9859DBD-BCB6-4E4E-934A-202F705167D2}.Debug|x86.ActiveCfg = Debug|Win32
		{A9859DBD-BCB6-4E4E-934A-202F705167D2}.Debug|x86.Build.0 = Debug|Win32
		{A9859DBD-BCB6-4E4E-934A-202F705167D2}.Release|x64.ActiveCfg = Release|x64
		{A9859DBD-BCB6-4E4E-934A-202F705167D2}.Release|x64.Build.0 = Release|x64
		{A9859DBD-BCB6-4E4E-934A-202F705167D2}.Release|x86.ActiveCfg = Release|Win32
		{A9859DBD-BCB6-4E4E-934A-202F705167D2}.Release|x86.Build.0 = Release|Win32
		{1EA5726F-6C6A-40AA-9212-2BC7C4234E9D}.Debug|x64.ActiveCfg = Debug|x64
		{1EA5726F-6C6A-40AA-9212-2BC7C4234E9D}.Debug|x64.Build.0 = Debug|x64
		{1EA5726F-6C6A-40AA-9212-2BC7C4234E9D}.Debug|x86.ActiveCfg = Debug|Win32
		{1EA5726F-6C6A-40AA-9212-2BC7C4234E9D}.Debug|x86.Build.0 = Debug|Win32
		{1EA5726F-6C6A-40AA-9212-2BC7C4234E9D}.Release|x64.ActiveCfg = Release|x64
		{1EA5726F-6C6A-40AA-9212-2BC7C4234E9D}.Release|x64.Build.0 = Release|x64
		{1EA5726F-6C6A-40AA-9212-2BC7C4234E9D}.Release|x86.ActiveCfg = Release|Win32
		{1EA5726F-6C6A-40AA-9212-2BC7C4234E9D}.Release|x86.Build.0 = Release|Win32
		{97B1F357-E80E-46D4-8E7F-EDEE76F5C74F}.Debug|x64.ActiveCfg = Debug|x64
		{97B1F357-E80E-46D4-8E7F-EDEE76F5C74F}.Debug|x64.Build.0 = Debug|x64
		{97B1F357-E80E-46D4-8E7F-EDEE76F5C74F}.Debug|x86.ActiveCfg = Debug|Win32
		{97B1F357-E80E-46D4-8E7F-EDEE76F5C74F}.Debug|x86.Build.0 = Debug|Win32
		{97B1F357-E80E-46D4-8E7F-EDEE76F5C74F}.Release|x64.ActiveCfg = Release|x64
		{97B1F357-E80E-46D4-8E7F-EDEE76F5C74F}.Release|x64.Build.0 = Release|x64
		{97B1F357-E80E-46D4-8E7F-EDEE76F5C74F}.Release|x86.ActiveCfg = Release|Win32
		{97B1F357-E80E-46D4-8E7F-EDEE76F5C74F}.Release|x86.Build.0 = Release|Win32
		{7A9A453F-C771-477D-89E4-3DC2FA91D56E}.Debug|x64.ActiveCfg = Debug|x64
		{7A9A453F-C771-477D-89E4-3DC2FA91D56E}.Debug|x64.Build.0 = Debug|x64
		{7A9A453F-C771-477D-89E4-3DC2FA91D56E}.Debug|x86.ActiveCfg = Debug|Win32
		{7A9A453F-C771-477D-89E4-3DC2FA91D56E}.Debug|x86.Build.0 = Debug|Win32
		{7A9A453F-C771-477D-89E4-3DC2FA91D56E}.Release|x64.ActiveCfg = Release|x64
		{7A9A453F-C771-477D-89E4-3DC2FA91D56E}.Release|x64.Build.0 = Release|x64
		{7A9A453F-C771-477D-89E4-3DC2FA91D56E}.Release|x86.ActiveCfg = Release|Win32
		{7A9A453F-C771-477D-89E4-3DC2FA91D56E}.Release|x86.Build.0 = Release|Win32
		{E08740BE-5D73-40FD-94B1-3C7BB06B2DA0}.Debug|x64.ActiveCfg = Debug|x64
		{E08740BE-5D73-40FD-94B1-3C7BB06B2DA0}.Debug|x64.Build.0 = Debug|x64
		{E08740BE-5D73-40FD-94B1-3C7BB06B2DA0}.Debug|x86.ActiveCfg = Debug|Win32
		{E08740BE-5D73-40FD-94B1-3C7BB06B2DA0}.Debug|x86.Build.0 = Debug|Win32
		{E08740BE-5D73-40FD-94B1-3C7BB06B2DA0}.Release|x64.ActiveCfg = Release|x64
		{E08740BE-5D73-40FD-94B1-3C7BB06B2DA0}.Release|x64.Build.0 = Release|x64
		{E08740BE-5D73-40FD-94B1-3C7BB06B2DA0}.Release|x86.ActiveCfg = Release|Win32
		{E08740BE-5D73-40FD-94B1-3C7BB06B2DA0}.Release|x86.Build.0 = Release|Win32
		{311C7FC6-9123-43FA-A7C8-69FD5141EAD8}.Debug|x64.ActiveCfg = Debug|x64
		{311C7FC6-9123-43FA-A7C8-69FD5141EAD8}.Debug|x64.Build.0 = Debug|x64
		{311C7FC6-9123-43FA-A7C8-69FD5141EAD8}.Debug|x86.ActiveCfg = Debug|Win32
		{311C7FC6-9123-43FA-A7C8-69FD5141EAD8}.Debug|x86.Build.0 = Debug|Win32
		{311C7FC6-9123-43FA-A7C8-69FD5141EAD8}.Release|x64.ActiveCfg = Release|x64
		{311C7FC6-9123-43FA-A7C8-69FD5141EAD8}.Release|x64.Build.0 = Release|x64
		{311C7FC6-9123-43FA-A7C8-69FD5141EAD8}.Release|x86.ActiveCfg = Release|Win32
		{311C7FC6-9123-43FA-A7C8-69FD5141EAD8}.Release|x86.Build.0 = Release|Win32
		{378798F9-C11B-43B8-AD30-CEE1634FB0AA}.Debug|x64.ActiveCfg = Debug|x64
		{378798F9-C11B-43B8-AD30-CEE1634FB0AA}.Debug|x64.Build.0 = Debug|x64
		{378798F9-C11B-43B8-AD30-CEE1634FB0AA}.Debug|x86.ActiveCfg = Debug|Win32
		{378798F9-C11B-43B8-AD30-CEE1634FB0AA}.Debug|x86.Build.0 = Debug|Win32
		{378798F9-C11B-43B8-AD30-CEE1634FB0AA}.Release|x64.ActiveCfg = Release|x64
		{378798F9-C11B-43B8-AD30-CEE1634FB0AA}.Release|x64.Build.0 = Release|x64
		{378798F9-C11B-43B8-AD30-CEE1634FB0AA}.Release|x86.ActiveCfg = Release|Win32
		{378798F9-C11B-43B8-AD30-CEE1634FB0AA}.Release|x86.Build.0 = Release|Win32
	EndGlobalSection
	GlobalSection(SolutionProperties) = preSolution
		HideSolutionNode = FALSE
	EndGlobalSection
	GlobalSection(ExtensibilityGlobals) = postSolution
		SolutionGuid = {47996B99-2AB9-4B10-A3A2-C352E39BB158}
	EndGlobalSection
EndGlobal
